
Microsoft Visual Studio Solution File, Format Version 12.00
Project("{FAE04EC0-301F-11D3-BF4B-00C04F79EFBC}") = "MiniSimulator.Domain", "MiniSimulator.Domain\MiniSimulator.Domain.csproj", "{EE003C7D-1882-423A-B318-5A89DC362659}"
EndProject
Project("{FAE04EC0-301F-11D3-BF4B-00C04F79EFBC}") = "MiniSimulator.Data", "MiniSimulator.Data\MiniSimulator.Data.csproj", "{1275BA00-6CE2-4197-B302-AF10477C4620}"
EndProject
Project("{FAE04EC0-301F-11D3-BF4B-00C04F79EFBC}") = "ConsoleTester", "ConsoleTester\ConsoleTester.csproj", "{7625A7CE-352E-42B7-8421-0F524D66F86B}"
EndProject
Project("{FAE04EC0-301F-11D3-BF4B-00C04F79EFBC}") = "MiniSimulator.Test", "MiniSimulator.Test\MiniSimulator.Test.csproj", "{37F65F77-7D2D-4F19-A8E2-164DDBF4B85F}"
EndProject
Project("{FAE04EC0-301F-11D3-BF4B-00C04F79EFBC}") = "MiniSimulator.UI", "MiniSimulator.UI\MiniSimulator.UI.csproj", "{F470DAAF-3521-481B-AEFC-479B516232EF}"
EndProject
Global
	GlobalSection(SolutionConfigurationPlatforms) = preSolution
		Debug|Any CPU = Debug|Any CPU
		Release|Any CPU = Release|Any CPU
	EndGlobalSection
	GlobalSection(ProjectConfigurationPlatforms) = postSolution
		{EE003C7D-1882-423A-B318-5A89DC362659}.Debug|Any CPU.ActiveCfg = Debug|Any CPU
		{EE003C7D-1882-423A-B318-5A89DC362659}.Debug|Any CPU.Build.0 = Debug|Any CPU
		{EE003C7D-1882-423A-B318-5A89DC362659}.Release|Any CPU.ActiveCfg = Release|Any CPU
		{EE003C7D-1882-423A-B318-5A89DC362659}.Release|Any CPU.Build.0 = Release|Any CPU
		{1275BA00-6CE2-4197-B302-AF10477C4620}.Debug|Any CPU.ActiveCfg = Debug|Any CPU
		{1275BA00-6CE2-4197-B302-AF10477C4620}.Debug|Any CPU.Build.0 = Debug|Any CPU
		{1275BA00-6CE2-4197-B302-AF10477C4620}.Release|Any CPU.ActiveCfg = Release|Any CPU
		{1275BA00-6CE2-4197-B302-AF10477C4620}.Release|Any CPU.Build.0 = Release|Any CPU
		{7625A7CE-352E-42B7-8421-0F524D66F86B}.Debug|Any CPU.ActiveCfg = Debug|Any CPU
		{7625A7CE-352E-42B7-8421-0F524D66F86B}.Debug|Any CPU.Build.0 = Debug|Any CPU
		{7625A7CE-352E-42B7-8421-0F524D66F86B}.Release|Any CPU.ActiveCfg = Release|Any CPU
		{7625A7CE-352E-42B7-8421-0F524D66F86B}.Release|Any CPU.Build.0 = Release|Any CPU
		{37F65F77-7D2D-4F19-A8E2-164DDBF4B85F}.Debug|Any CPU.ActiveCfg = Debug|Any CPU
		{37F65F77-7D2D-4F19-A8E2-164DDBF4B85F}.Debug|Any CPU.Build.0 = Debug|Any CPU
		{37F65F77-7D2D-4F19-A8E2-164DDBF4B85F}.Release|Any CPU.ActiveCfg = Release|Any CPU
		{37F65F77-7D2D-4F19-A8E2-164DDBF4B85F}.Release|Any CPU.Build.0 = Release|Any CPU
		{F470DAAF-3521-481B-AEFC-479B516232EF}.Debug|Any CPU.ActiveCfg = Debug|Any CPU
		{F470DAAF-3521-481B-AEFC-479B516232EF}.Debug|Any CPU.Build.0 = Debug|Any CPU
		{F470DAAF-3521-481B-AEFC-479B516232EF}.Release|Any CPU.ActiveCfg = Release|Any CPU
		{F470DAAF-3521-481B-AEFC-479B516232EF}.Release|Any CPU.Build.0 = Release|Any CPU
	EndGlobalSection
EndGlobal
